
Microsoft Visual Studio Solution File, Format Version 12.00
# Visual Studio Version 17
VisualStudioVersion = 17.6.33801.468
MinimumVisualStudioVersion = 10.0.40219.1
Project("{FAE04EC0-301F-11D3-BF4B-00C04F79EFBC}") = "CC26", "CC26\CC26.csproj", "{3792ED48-B756-4251-B58D-9ECF67D2AD9D}"
EndProject
Global
	GlobalSection(SolutionConfigurationPlatforms) = preSolution
		Debug|Any CPU = Debug|Any CPU
		Release|Any CPU = Release|Any CPU
	EndGlobalSection
	GlobalSection(ProjectConfigurationPlatforms) = postSolution
		{3792ED48-B756-4251-B58D-9ECF67D2AD9D}.Debug|Any CPU.ActiveCfg = Debug|Any CPU
		{3792ED48-B756-4251-B58D-9ECF67D2AD9D}.Debug|Any CPU.Build.0 = Debug|Any CPU
		{3792ED48-B756-4251-B58D-9ECF67D2AD9D}.Release|Any CPU.ActiveCfg = Release|Any CPU
		{3792ED48-B756-4251-B58D-9ECF67D2AD9D}.Release|Any CPU.Build.0 = Release|Any CPU
	EndGlobalSection
	GlobalSection(SolutionProperties) = preSolution
		HideSolutionNode = FALSE
	EndGlobalSection
	GlobalSection(ExtensibilityGlobals) = postSolution
		SolutionGuid = {FE1BC570-467E-427A-B6EE-2F5B87FF8624}
	EndGlobalSection
EndGlobal
